Microsoft Visual Studio Solution File, Format Version 12.00
# Visual Studio 15
VisualStudioVersion = 15.0.26430.14
MinimumVisualStudioVersion = 10.0.40219.1
Project("{FAE04EC0-301F-11D3-BF4B-00C04F79EFBC}") = "PetstoreBooksAPI.Standard", "PetstoreBooksAPI.Standard/PetstoreBooksAPI.Standard.csproj", "{59436b9d-38e7-4788-8f09-5e357ed3c7c5}"
EndProject
Global
    GlobalSection(SolutionConfigurationPlatforms) = preSolution
        Debug|Any CPU = Debug|Any CPU
        Release|Any CPU = Release|Any CPU
    EndGlobalSection
    GlobalSection(ProjectConfigurationPlatforms) = postSolution
        {59436b9d-38e7-4788-8f09-5e357ed3c7c5}.Debug|Any CPU.ActiveCfg = Debug|Any CPU
        {59436b9d-38e7-4788-8f09-5e357ed3c7c5}.Debug|Any CPU.Build.0 = Debug|Any CPU
        {59436b9d-38e7-4788-8f09-5e357ed3c7c5}.Release|Any CPU.ActiveCfg = Release|Any CPU
        {59436b9d-38e7-4788-8f09-5e357ed3c7c5}.Release|Any CPU.Build.0 = Release|Any CPU
    EndGlobalSection
    GlobalSection(SolutionProperties) = preSolution
        HideSolutionNode = FALSE
    EndGlobalSection
EndGlobal
